// !$*UTF8*$!
{
	archiveVersion = 1;
	classes = {
	};
	objectVersion = 56;
	objects = {

/* Begin PBXBuildFile section */
		A6413C1B2C9B378E00FCC24C /* DestinationSearchView.swift in Sources */ = {isa = PBXBuildFile; fileRef = A6413C1A2C9B378E00FCC24C /* DestinationSearchView.swift */; };
		A699E1B32C8E371B00A83C91 /* airbnbApp.swift in Sources */ = {isa = PBXBuildFile; fileRef = A699E1B22C8E371B00A83C91 /* airbnbApp.swift */; };
		A699E1B52C8E371B00A83C91 /* ContentView.swift in Sources */ = {isa = PBXBuildFile; fileRef = A699E1B42C8E371B00A83C91 /* ContentView.swift */; };
		A699E1B72C8E371D00A83C91 /* Assets.xcassets in Resources */ = {isa = PBXBuildFile; fileRef = A699E1B62C8E371D00A83C91 /* Assets.xcassets */; };
		A699E1BA2C8E371D00A83C91 /* Preview Assets.xcassets in Resources */ = {isa = PBXBuildFile; fileRef = A699E1B92C8E371D00A83C91 /* Preview Assets.xcassets */; };
		A699E1CD2C8E398100A83C91 /* ExploreView.swift in Sources */ = {isa = PBXBuildFile; fileRef = A699E1CC2C8E398100A83C91 /* ExploreView.swift */; };
		A699E1E72C8F138900A83C91 /* ListingItemView.swift in Sources */ = {isa = PBXBuildFile; fileRef = A699E1E62C8F138900A83C91 /* ListingItemView.swift */; };
		A699E1EA2C8F19FB00A83C91 /* AirbnbListing.swift in Sources */ = {isa = PBXBuildFile; fileRef = A699E1E92C8F19FB00A83C91 /* AirbnbListing.swift */; };
		A699E1EC2C8F1A7B00A83C91 /* ListingViewModel.swift in Sources */ = {isa = PBXBuildFile; fileRef = A699E1EB2C8F1A7B00A83C91 /* ListingViewModel.swift */; };
		A699E1EE2C8F2E0600A83C91 /* SearchAndFilterBar.swift in Sources */ = {isa = PBXBuildFile; fileRef = A699E1ED2C8F2E0600A83C91 /* SearchAndFilterBar.swift */; };
		A699E1F22C92286E00A83C91 /* ListingDetailView.swift in Sources */ = {isa = PBXBuildFile; fileRef = A699E1F12C92286E00A83C91 /* ListingDetailView.swift */; };
		A699E1F52C95C6DE00A83C91 /* ListingImageCarouselView.swift in Sources */ = {isa = PBXBuildFile; fileRef = A699E1F42C95C6DE00A83C91 /* ListingImageCarouselView.swift */; };
		A69B25D02CABFD7C00AD167D /* ProfileView.swift in Sources */ = {isa = PBXBuildFile; fileRef = A69B25CF2CABFD7C00AD167D /* ProfileView.swift */; };
		A69B25D22CAC0A3D00AD167D /* ProfileOptionrowView.swift in Sources */ = {isa = PBXBuildFile; fileRef = A69B25D12CAC0A3D00AD167D /* ProfileOptionrowView.swift */; };
		A69B25D42CAC587700AD167D /* WishlistView.swift in Sources */ = {isa = PBXBuildFile; fileRef = A69B25D32CAC587700AD167D /* WishlistView.swift */; };
		A69B25D62CAC5E4900AD167D /* MainTabView.swift in Sources */ = {isa = PBXBuildFile; fileRef = A69B25D52CAC5E4900AD167D /* MainTabView.swift */; };
/* End PBXBuildFile section */

/* Begin PBXFileReference section */
		A6413C1A2C9B378E00FCC24C /* DestinationSearchView.swift */ = {isa = PBXFileReference; lastKnownFileType = sourcecode.swift; path = DestinationSearchView.swift; sourceTree = "<group>"; };
		A699E1AF2C8E371B00A83C91 /* airbnb.app */ = {isa = PBXFileReference; explicitFileType = wrapper.application; includeInIndex = 0; path = airbnb.app; sourceTree = BUILT_PRODUCTS_DIR; };
		A699E1B22C8E371B00A83C91 /* airbnbApp.swift */ = {isa = PBXFileReference; lastKnownFileType = sourcecode.swift; path = airbnbApp.swift; sourceTree = "<group>"; };
		A699E1B42C8E371B00A83C91 /* ContentView.swift */ = {isa = PBXFileReference; lastKnownFileType = sourcecode.swift; path = ContentView.swift; sourceTree = "<group>"; };
		A699E1B62C8E371D00A83C91 /* Assets.xcassets */ = {isa = PBXFileReference; lastKnownFileType = folder.assetcatalog; path = Assets.xcassets; sourceTree = "<group>"; };
		A699E1B92C8E371D00A83C91 /* Preview Assets.xcassets */ = {isa = PBXFileReference; lastKnownFileType = folder.assetcatalog; path = "Preview Assets.xcassets"; sourceTree = "<group>"; };
		A699E1CC2C8E398100A83C91 /* ExploreView.swift */ = {isa = PBXFileReference; lastKnownFileType = sourcecode.swift; path = ExploreView.swift; sourceTree = "<group>"; };
		A699E1E62C8F138900A83C91 /* ListingItemView.swift */ = {isa = PBXFileReference; lastKnownFileType = sourcecode.swift; path = ListingItemView.swift; sourceTree = "<group>"; };
		A699E1E92C8F19FB00A83C91 /* AirbnbListing.swift */ = {isa = PBXFileReference; lastKnownFileType = sourcecode.swift; path = AirbnbListing.swift; sourceTree = "<group>"; };
		A699E1EB2C8F1A7B00A83C91 /* ListingViewModel.swift */ = {isa = PBXFileReference; lastKnownFileType = sourcecode.swift; path = ListingViewModel.swift; sourceTree = "<group>"; };
		A699E1ED2C8F2E0600A83C91 /* SearchAndFilterBar.swift */ = {isa = PBXFileReference; lastKnownFileType = sourcecode.swift; path = SearchAndFilterBar.swift; sourceTree = "<group>"; };
		A699E1F12C92286E00A83C91 /* ListingDetailView.swift */ = {isa = PBXFileReference; lastKnownFileType = sourcecode.swift; path = ListingDetailView.swift; sourceTree = "<group>"; };
		A699E1F42C95C6DE00A83C91 /* ListingImageCarouselView.swift */ = {isa = PBXFileReference; lastKnownFileType = sourcecode.swift; path = ListingImageCarouselView.swift; sourceTree = "<group>"; };
		A69B25CF2CABFD7C00AD167D /* ProfileView.swift */ = {isa = PBXFileReference; lastKnownFileType = sourcecode.swift; path = ProfileView.swift; sourceTree = "<group>"; };
		A69B25D12CAC0A3D00AD167D /* ProfileOptionrowView.swift */ = {isa = PBXFileReference; lastKnownFileType = sourcecode.swift; path = ProfileOptionrowView.swift; sourceTree = "<group>"; };
		A69B25D32CAC587700AD167D /* WishlistView.swift */ = {isa = PBXFileReference; lastKnownFileType = sourcecode.swift; path = WishlistView.swift; sourceTree = "<group>"; };
		A69B25D52CAC5E4900AD167D /* MainTabView.swift */ = {isa = PBXFileReference; lastKnownFileType = sourcecode.swift; path = MainTabView.swift; sourceTree = "<group>"; };
/* End PBXFileReference section */

/* Begin PBXFrameworksBuildPhase section */
		A699E1AC2C8E371B00A83C91 /* Frameworks */ = {
			isa = PBXFrameworksBuildPhase;
			buildActionMask = 2147483647;
			files = (
			);
			runOnlyForDeploymentPostprocessing = 0;
		};
/* End PBXFrameworksBuildPhase section */

/* Begin PBXGroup section */
		A699E1A62C8E371B00A83C91 = {
			isa = PBXGroup;
			children = (
				A699E1B12C8E371B00A83C91 /* airbnb */,
				A699E1B02C8E371B00A83C91 /* Products */,
			);
			sourceTree = "<group>";
		};
		A699E1B02C8E371B00A83C91 /* Products */ = {
			isa = PBXGroup;
			children = (
				A699E1AF2C8E371B00A83C91 /* airbnb.app */,
			);
			name = Products;
			sourceTree = "<group>";
		};
		A699E1B12C8E371B00A83C91 /* airbnb */ = {
			isa = PBXGroup;
			children = (
				A699E1E82C8F19EB00A83C91 /* API */,
				A699E1C32C8E377600A83C91 /* App */,
				A699E1C22C8E377400A83C91 /* Core */,
				A699E1C12C8E377200A83C91 /* Extensions */,
				A699E1C02C8E376500A83C91 /* Models */,
				A699E1C42C8E37D300A83C91 /* Utils */,
				A699E1B42C8E371B00A83C91 /* ContentView.swift */,
				A699E1B62C8E371D00A83C91 /* Assets.xcassets */,
				A699E1B82C8E371D00A83C91 /* Preview Content */,
			);
			path = airbnb;
			sourceTree = "<group>";
		};
		A699E1B82C8E371D00A83C91 /* Preview Content */ = {
			isa = PBXGroup;
			children = (
				A699E1B92C8E371D00A83C91 /* Preview Assets.xcassets */,
			);
			path = "Preview Content";
			sourceTree = "<group>";
		};
		A699E1C02C8E376500A83C91 /* Models */ = {
			isa = PBXGroup;
			children = (
			);
			path = Models;
			sourceTree = "<group>";
		};
		A699E1C12C8E377200A83C91 /* Extensions */ = {
			isa = PBXGroup;
			children = (
			);
			path = Extensions;
			sourceTree = "<group>";
		};
		A699E1C22C8E377400A83C91 /* Core */ = {
			isa = PBXGroup;
			children = (
				A699E1F32C95C6AF00A83C91 /* Components */,
				A699E1C52C8E385F00A83C91 /* Explore */,
				A699E1C62C8E387100A83C91 /* Listings */,
				A699E1C72C8E387A00A83C91 /* MapView */,
				A699E1C92C8E389D00A83C91 /* Profile */,
				A699E1C82C8E388300A83C91 /* Root */,
				A699E1CB2C8E38B400A83C91 /* TabBar */,
				A699E1CA2C8E38AA00A83C91 /* Wishlist */,
			);
			path = Core;
			sourceTree = "<group>";
		};
		A699E1C32C8E377600A83C91 /* App */ = {
			isa = PBXGroup;
			children = (
				A699E1B22C8E371B00A83C91 /* airbnbApp.swift */,
			);
			path = App;
			sourceTree = "<group>";
		};
		A699E1C42C8E37D300A83C91 /* Utils */ = {
			isa = PBXGroup;
			children = (
			);
			path = Utils;
			sourceTree = "<group>";
		};
		A699E1C52C8E385F00A83C91 /* Explore */ = {
			isa = PBXGroup;
			children = (
				A699E1CC2C8E398100A83C91 /* ExploreView.swift */,
				A699E1ED2C8F2E0600A83C91 /* SearchAndFilterBar.swift */,
				A6413C1A2C9B378E00FCC24C /* DestinationSearchView.swift */,
			);
			path = Explore;
			sourceTree = "<group>";
		};
		A699E1C62C8E387100A83C91 /* Listings */ = {
			isa = PBXGroup;
			children = (
				A699E1E62C8F138900A83C91 /* ListingItemView.swift */,
				A699E1F12C92286E00A83C91 /* ListingDetailView.swift */,
			);
			path = Listings;
			sourceTree = "<group>";
		};
		A699E1C72C8E387A00A83C91 /* MapView */ = {
			isa = PBXGroup;
			children = (
			);
			path = MapView;
			sourceTree = "<group>";
		};
		A699E1C82C8E388300A83C91 /* Root */ = {
			isa = PBXGroup;
			children = (
			);
			path = Root;
			sourceTree = "<group>";
		};
		A699E1C92C8E389D00A83C91 /* Profile */ = {
			isa = PBXGroup;
			children = (
				A69B25CF2CABFD7C00AD167D /* ProfileView.swift */,
				A69B25D12CAC0A3D00AD167D /* ProfileOptionrowView.swift */,
			);
			path = Profile;
			sourceTree = "<group>";
		};
		A699E1CA2C8E38AA00A83C91 /* Wishlist */ = {
			isa = PBXGroup;
			children = (
				A69B25D32CAC587700AD167D /* WishlistView.swift */,
			);
			path = Wishlist;
			sourceTree = "<group>";
		};
		A699E1CB2C8E38B400A83C91 /* TabBar */ = {
			isa = PBXGroup;
			children = (
				A69B25D52CAC5E4900AD167D /* MainTabView.swift */,
			);
			path = TabBar;
			sourceTree = "<group>";
		};
		A699E1E82C8F19EB00A83C91 /* API */ = {
			isa = PBXGroup;
			children = (
				A699E1E92C8F19FB00A83C91 /* AirbnbListing.swift */,
				A699E1EB2C8F1A7B00A83C91 /* ListingViewModel.swift */,
			);
			path = API;
			sourceTree = "<group>";
		};
		A699E1F32C95C6AF00A83C91 /* Components */ = {
			isa = PBXGroup;
			children = (
				A699E1F42C95C6DE00A83C91 /* ListingImageCarouselView.swift */,
			);
			path = Components;
			sourceTree = "<group>";
		};
/* End PBXGroup section */

/* Begin PBXNativeTarget section */
		A699E1AE2C8E371B00A83C91 /* airbnb */ = {
			isa = PBXNativeTarget;
			buildConfigurationList = A699E1BD2C8E371D00A83C91 /* Build configuration list for PBXNativeTarget "airbnb" */;
			buildPhases = (
				A699E1AB2C8E371B00A83C91 /* Sources */,
				A699E1AC2C8E371B00A83C91 /* Frameworks */,
				A699E1AD2C8E371B00A83C91 /* Resources */,
			);
			buildRules = (
			);
			dependencies = (
			);
			name = airbnb;
			productName = airbnb;
			productReference = A699E1AF2C8E371B00A83C91 /* airbnb.app */;
			productType = "com.apple.product-type.application";
		};
/* End PBXNativeTarget section */

/* Begin PBXProject section */
		A699E1A72C8E371B00A83C91 /* Project object */ = {
			isa = PBXProject;
			attributes = {
				BuildIndependentTargetsInParallel = 1;
				LastSwiftUpdateCheck = 1540;
				LastUpgradeCheck = 1540;
				TargetAttributes = {
					A699E1AE2C8E371B00A83C91 = {
						CreatedOnToolsVersion = 15.4;
					};
				};
			};
			buildConfigurationList = A699E1AA2C8E371B00A83C91 /* Build configuration list for PBXProject "airbnb" */;
			compatibilityVersion = "Xcode 14.0";
			developmentRegion = en;
			hasScannedForEncodings = 0;
			knownRegions = (
				en,
				Base,
			);
			mainGroup = A699E1A62C8E371B00A83C91;
			productRefGroup = A699E1B02C8E371B00A83C91 /* Products */;
			projectDirPath = "";
			projectRoot = "";
			targets = (
				A699E1AE2C8E371B00A83C91 /* airbnb */,
			);
		};
/* End PBXProject section */

/* Begin PBXResourcesBuildPhase section */
		A699E1AD2C8E371B00A83C91 /* Resources */ = {
			isa = PBXResourcesBuildPhase;
			buildActionMask = 2147483647;
			files = (
				A699E1BA2C8E371D00A83C91 /* Preview Assets.xcassets in Resources */,
				A699E1B72C8E371D00A83C91 /* Assets.xcassets in Resources */,
			);
			runOnlyForDeploymentPostprocessing = 0;
		};
/* End PBXResourcesBuildPhase section */

/* Begin PBXSourcesBuildPhase section */
		A699E1AB2C8E371B00A83C91 /* Sources */ = {
			isa = PBXSourcesBuildPhase;
			buildActionMask = 2147483647;
			files = (
				A69B25D42CAC587700AD167D /* WishlistView.swift in Sources */,
				A699E1EA2C8F19FB00A83C91 /* AirbnbListing.swift in Sources */,
				A699E1B52C8E371B00A83C91 /* ContentView.swift in Sources */,
				A699E1F22C92286E00A83C91 /* ListingDetailView.swift in Sources */,
				A699E1F52C95C6DE00A83C91 /* ListingImageCarouselView.swift in Sources */,
				A699E1E72C8F138900A83C91 /* ListingItemView.swift in Sources */,
				A6413C1B2C9B378E00FCC24C /* DestinationSearchView.swift in Sources */,
				A699E1EE2C8F2E0600A83C91 /* SearchAndFilterBar.swift in Sources */,
				A699E1CD2C8E398100A83C91 /* ExploreView.swift in Sources */,
				A699E1B32C8E371B00A83C91 /* airbnbApp.swift in Sources */,
				A69B25D22CAC0A3D00AD167D /* ProfileOptionrowView.swift in Sources */,
				A69B25D62CAC5E4900AD167D /* MainTabView.swift in Sources */,
				A69B25D02CABFD7C00AD167D /* ProfileView.swift in Sources */,
				A699E1EC2C8F1A7B00A83C91 /* ListingViewModel.swift in Sources */,
			);
			runOnlyForDeploymentPostprocessing = 0;
		};
/* End PBXSourcesBuildPhase section */

/* Begin XCBuildConfiguration section */
		A699E1BB2C8E371D00A83C91 /* Debug */ = {
			isa = XCBuildConfiguration;
			buildSettings = {
				ALWAYS_SEARCH_USER_PATHS = NO;
				ASSETCATALOG_COMPILER_GENERATE_SWIFT_ASSET_SYMBOL_EXTENSIONS = YES;
				CLANG_ANALYZER_NONNULL = YES;
				CLANG_ANALYZER_NUMBER_OBJECT_CONVERSION = YES_AGGRESSIVE;
				CLANG_CXX_LANGUAGE_STANDARD = "gnu++20";
				CLANG_ENABLE_MODULES = YES;
				CLANG_ENABLE_OBJC_ARC = YES;
				CLANG_ENABLE_OBJC_WEAK = YES;
				CLANG_WARN_BLOCK_CAPTURE_AUTORELEASING = YES;
				CLANG_WARN_BOOL_CONVERSION = YES;
				CLANG_WARN_COMMA = YES;
				CLANG_WARN_CONSTANT_CONVERSION = YES;
				CLANG_WARN_DEPRECATED_OBJC_IMPLEMENTATIONS = YES;
				CLANG_WARN_DIRECT_OBJC_ISA_USAGE = YES_ERROR;
				CLANG_WARN_DOCUMENTATION_COMMENTS = YES;
				CLANG_WARN_EMPTY_BODY = YES;
				CLANG_WARN_ENUM_CONVERSION = YES;
				CLANG_WARN_INFINITE_RECURSION = YES;
				CLANG_WARN_INT_CONVERSION = YES;
				CLANG_WARN_NON_LITERAL_NULL_CONVERSION = YES;
				CLANG_WARN_OBJC_IMPLICIT_RETAIN_SELF = YES;
				CLANG_WARN_OBJC_LITERAL_CONVERSION = YES;
				CLANG_WARN_OBJC_ROOT_CLASS = YES_ERROR;
				CLANG_WARN_QUOTED_INCLUDE_IN_FRAMEWORK_HEADER = YES;
				CLANG_WARN_RANGE_LOOP_ANALYSIS = YES;
				CLANG_WARN_STRICT_PROTOTYPES = YES;
				CLANG_WARN_SUSPICIOUS_MOVE = YES;
				CLANG_WARN_UNGUARDED_AVAILABILITY = YES_AGGRESSIVE;
				CLANG_WARN_UNREACHABLE_CODE = YES;
				CLANG_WARN__DUPLICATE_METHOD_MATCH = YES;
				COPY_PHASE_STRIP = NO;
				DEBUG_INFORMATION_FORMAT = dwarf;
				ENABLE_STRICT_OBJC_MSGSEND = YES;
				ENABLE_TESTABILITY = YES;
				ENABLE_USER_SCRIPT_SANDBOXING = YES;
				GCC_C_LANGUAGE_STANDARD = gnu17;
				GCC_DYNAMIC_NO_PIC = NO;
				GCC_NO_COMMON_BLOCKS = YES;
				GCC_OPTIMIZATION_LEVEL = 0;
				GCC_PREPROCESSOR_DEFINITIONS = (
					"DEBUG=1",
					"$(inherited)",
				);
				GCC_WARN_64_TO_32_BIT_CONVERSION = YES;
				GCC_WARN_ABOUT_RETURN_TYPE = YES_ERROR;
				GCC_WARN_UNDECLARED_SELECTOR = YES;
				GCC_WARN_UNINITIALIZED_AUTOS = YES_AGGRESSIVE;
				GCC_WARN_UNUSED_FUNCTION = YES;
				GCC_WARN_UNUSED_VARIABLE = YES;
				IPHONEOS_DEPLOYMENT_TARGET = 17.5;
				LOCALIZATION_PREFERS_STRING_CATALOGS = YES;
				MTL_ENABLE_DEBUG_INFO = INCLUDE_SOURCE;
				MTL_FAST_MATH = YES;
				ONLY_ACTIVE_ARCH = YES;
				SDKROOT = iphoneos;
				SWIFT_ACTIVE_COMPILATION_CONDITIONS = "DEBUG $(inherited)";
				SWIFT_OPTIMIZATION_LEVEL = "-Onone";
			};
			name = Debug;
		};
		A699E1BC2C8E371D00A83C91 /* Release */ = {
			isa = XCBuildConfiguration;
			buildSettings = {
				ALWAYS_SEARCH_USER_PATHS = NO;
				ASSETCATALOG_COMPILER_GENERATE_SWIFT_ASSET_SYMBOL_EXTENSIONS = YES;
				CLANG_ANALYZER_NONNULL = YES;
				CLANG_ANALYZER_NUMBER_OBJECT_CONVERSION = YES_AGGRESSIVE;
				CLANG_CXX_LANGUAGE_STANDARD = "gnu++20";
				CLANG_ENABLE_MODULES = YES;
				CLANG_ENABLE_OBJC_ARC = YES;
				CLANG_ENABLE_OBJC_WEAK = YES;
				CLANG_WARN_BLOCK_CAPTURE_AUTORELEASING = YES;
				CLANG_WARN_BOOL_CONVERSION = YES;
				CLANG_WARN_COMMA = YES;
				CLANG_WARN_CONSTANT_CONVERSION = YES;
				CLANG_WARN_DEPRECATED_OBJC_IMPLEMENTATIONS = YES;
				CLANG_WARN_DIRECT_OBJC_ISA_USAGE = YES_ERROR;
				CLANG_WARN_DOCUMENTATION_COMMENTS = YES;
				CLANG_WARN_EMPTY_BODY = YES;
				CLANG_WARN_ENUM_CONVERSION = YES;
				CLANG_WARN_INFINITE_RECURSION = YES;
				CLANG_WARN_INT_CONVERSION = YES;
				CLANG_WARN_NON_LITERAL_NULL_CONVERSION = YES;
				CLANG_WARN_OBJC_IMPLICIT_RETAIN_SELF = YES;
				CLANG_WARN_OBJC_LITERAL_CONVERSION = YES;
				CLANG_WARN_OBJC_ROOT_CLASS = YES_ERROR;
				CLANG_WARN_QUOTED_INCLUDE_IN_FRAMEWORK_HEADER = YES;
				CLANG_WARN_RANGE_LOOP_ANALYSIS = YES;
				CLANG_WARN_STRICT_PROTOTYPES = YES;
				CLANG_WARN_SUSPICIOUS_MOVE = YES;
				CLANG_WARN_UNGUARDED_AVAILABILITY = YES_AGGRESSIVE;
				CLANG_WARN_UNREACHABLE_CODE = YES;
				CLANG_WARN__DUPLICATE_METHOD_MATCH = YES;
				COPY_PHASE_STRIP = NO;
				DEBUG_INFORMATION_FORMAT = "dwarf-with-dsym";
				ENABLE_NS_ASSERTIONS = NO;
				ENABLE_STRICT_OBJC_MSGSEND = YES;
				ENABLE_USER_SCRIPT_SANDBOXING = YES;
				GCC_C_LANGUAGE_STANDARD = gnu17;
				GCC_NO_COMMON_BLOCKS = YES;
				GCC_WARN_64_TO_32_BIT_CONVERSION = YES;
				GCC_WARN_ABOUT_RETURN_TYPE = YES_ERROR;
				GCC_WARN_UNDECLARED_SELECTOR = YES;
				GCC_WARN_UNINITIALIZED_AUTOS = YES_AGGRESSIVE;
				GCC_WARN_UNUSED_FUNCTION = YES;
				GCC_WARN_UNUSED_VARIABLE = YES;
				IPHONEOS_DEPLOYMENT_TARGET = 17.5;
				LOCALIZATION_PREFERS_STRING_CATALOGS = YES;
				MTL_ENABLE_DEBUG_INFO = NO;
				MTL_FAST_MATH = YES;
				SDKROOT = iphoneos;
				SWIFT_COMPILATION_MODE = wholemodule;
				VALIDATE_PRODUCT = YES;
			};
			name = Release;
		};
		A699E1BE2C8E371D00A83C91 /* Debug */ = {
			isa = XCBuildConfiguration;
			buildSettings = {
				ASSETCATALOG_COMPILER_APPICON_NAME = AppIcon;
				ASSETCATALOG_COMPILER_GLOBAL_ACCENT_COLOR_NAME = AccentColor;
				CODE_SIGN_STYLE = Automatic;
				CURRENT_PROJECT_VERSION = 1;
				DEVELOPMENT_ASSET_PATHS = "\"airbnb/Preview Content\"";
				DEVELOPMENT_TEAM = 843L5KKJDK;
				ENABLE_PREVIEWS = YES;
				GENERATE_INFOPLIST_FILE = YES;
				INFOPLIST_KEY_UIApplicationSceneManifest_Generation = YES;
				INFOPLIST_KEY_UIApplicationSupportsIndirectInputEvents = YES;
				INFOPLIST_KEY_UILaunchScreen_Generation = YES;
				INFOPLIST_KEY_UISupportedInterfaceOrientations_iPad = "UIInterfaceOrientationPortrait UIInterfaceOrientationPortraitUpsideDown UIInterfaceOrientationLandscapeLeft UIInterfaceOrientationLandscapeRight";
				INFOPLIST_KEY_UISupportedInterfaceOrientations_iPhone = "UIInterfaceOrientationPortrait UIInterfaceOrientationLandscapeLeft UIInterfaceOrientationLandscapeRight";
				LD_RUNPATH_SEARCH_PATHS = (
					"$(inherited)",
					"@executable_path/Frameworks",
				);
				MARKETING_VERSION = 1.0;
				PRODUCT_BUNDLE_IDENTIFIER = com.sena.airbnb;
				PRODUCT_NAME = "$(TARGET_NAME)";
				SWIFT_EMIT_LOC_STRINGS = YES;
				SWIFT_VERSION = 5.0;
				TARGETED_DEVICE_FAMILY = "1,2";
			};
			name = Debug;
		};
		A699E1BF2C8E371D00A83C91 /* Release */ = {
			isa = XCBuildConfiguration;
			buildSettings = {
				ASSETCATALOG_COMPILER_APPICON_NAME = AppIcon;
				ASSETCATALOG_COMPILER_GLOBAL_ACCENT_COLOR_NAME = AccentColor;
				CODE_SIGN_STYLE = Automatic;
				CURRENT_PROJECT_VERSION = 1;
				DEVELOPMENT_ASSET_PATHS = "\"airbnb/Preview Content\"";
				DEVELOPMENT_TEAM = 843L5KKJDK;
				ENABLE_PREVIEWS = YES;
				GENERATE_INFOPLIST_FILE = YES;
				INFOPLIST_KEY_UIApplicationSceneManifest_Generation = YES;
				INFOPLIST_KEY_UIApplicationSupportsIndirectInputEvents = YES;
				INFOPLIST_KEY_UILaunchScreen_Generation = YES;
				INFOPLIST_KEY_UISupportedInterfaceOrientations_iPad = "UIInterfaceOrientationPortrait UIInterfaceOrientationPortraitUpsideDown UIInterfaceOrientationLandscapeLeft UIInterfaceOrientationLandscapeRight";
				INFOPLIST_KEY_UISupportedInterfaceOrientations_iPhone = "UIInterfaceOrientationPortrait UIInterfaceOrientationLandscapeLeft UIInterfaceOrientationLandscapeRight";
				LD_RUNPATH_SEARCH_PATHS = (
					"$(inherited)",
					"@executable_path/Frameworks",
				);
				MARKETING_VERSION = 1.0;
				PRODUCT_BUNDLE_IDENTIFIER = com.sena.airbnb;
				PRODUCT_NAME = "$(TARGET_NAME)";
				SWIFT_EMIT_LOC_STRINGS = YES;
				SWIFT_VERSION = 5.0;
				TARGETED_DEVICE_FAMILY = "1,2";
			};
			name = Release;
		};
/* End XCBuildConfiguration section */

/* Begin XCConfigurationList section */
		A699E1AA2C8E371B00A83C91 /* Build configuration list for PBXProject "airbnb" */ = {
			isa = XCConfigurationList;
			buildConfigurations = (
				A699E1BB2C8E371D00A83C91 /* Debug */,
				A699E1BC2C8E371D00A83C91 /* Release */,
			);
			defaultConfigurationIsVisible = 0;
			defaultConfigurationName = Release;
		};
		A699E1BD2C8E371D00A83C91 /* Build configuration list for PBXNativeTarget "airbnb" */ = {
			isa = XCConfigurationList;
			buildConfigurations = (
				A699E1BE2C8E371D00A83C91 /* Debug */,
				A699E1BF2C8E371D00A83C91 /* Release */,
			);
			defaultConfigurationIsVisible = 0;
			defaultConfigurationName = Release;
		};
/* End XCConfigurationList section */
	};
	rootObject = A699E1A72C8E371B00A83C91 /* Project object */;
}
